
Microsoft Visual Studio Solution File, Format Version 12.00
# Visual Studio Version 16
VisualStudioVersion = 16.0.31410.357
MinimumVisualStudioVersion = 10.0.40219.1
Project("{FAE04EC0-301F-11D3-BF4B-00C04F79EFBC}") = "Module5HW1_HttpClient", "Module5HW1_HttpClient\Module5HW1_HttpClient.csproj", "{37BB99A8-1CBD-49C4-90F6-F0DFC276C10F}"
EndProject
Global
	GlobalSection(SolutionConfigurationPlatforms) = preSolution
		Debug|Any CPU = Debug|Any CPU
		Release|Any CPU = Release|Any CPU
	EndGlobalSection
	GlobalSection(ProjectConfigurationPlatforms) = postSolution
		{37BB99A8-1CBD-49C4-90F6-F0DFC276C10F}.Debug|Any CPU.ActiveCfg = Debug|Any CPU
		{37BB99A8-1CBD-49C4-90F6-F0DFC276C10F}.Debug|Any CPU.Build.0 = Debug|Any CPU
		{37BB99A8-1CBD-49C4-90F6-F0DFC276C10F}.Release|Any CPU.ActiveCfg = Release|Any CPU
		{37BB99A8-1CBD-49C4-90F6-F0DFC276C10F}.Release|Any CPU.Build.0 = Release|Any CPU
	EndGlobalSection
	GlobalSection(SolutionProperties) = preSolution
		HideSolutionNode = FALSE
	EndGlobalSection
	GlobalSection(ExtensibilityGlobals) = postSolution
		SolutionGuid = {06273C92-7F01-4C73-88E8-04704107507F}
	EndGlobalSection
EndGlobal
